{
  "version": "3",
  "packages": {
    "specifiers": {
      "npm:prisma": "npm:prisma@5.8.0"
    },
    "npm": {
      "@prisma/debug@5.8.0": {
        "integrity": "sha512-ZqPpkvbovu/kQJ1bvy57NO4dw97fpQGcbQSCtsqlwSE1UNKJP75R3BKxdznk8ZPMY+GJdMRetWNv4oAvSbWn8Q==",
        "dependencies": {}
      },
      "@prisma/engines-version@5.8.0-37.0a83d8541752d7582de2ebc1ece46519ce72a848": {
        "integrity": "sha512-cXcoVweYbnv8xRfkWq9oj8BECOdzHUazrSpYCa0ehp5TNz4l5Spa8jbq/VROCTzj3ZncH5D9Q2TmySYTOUeKlw==",
        "dependencies": {}
      },
      "@prisma/engines@5.8.0": {
        "integrity": "sha512-Qhqm9WWLujNEC13AuZlUO14SQ15tNLe5puaz+tOk7UqINqJ3PtqMmuSuzomiw2diGVqZ+HYiSQzlR3+pPucVHA==",
        "dependencies": {
          "@prisma/debug": "@prisma/debug@5.8.0",
          "@prisma/engines-version": "@prisma/engines-version@5.8.0-37.0a83d8541752d7582de2ebc1ece46519ce72a848",
          "@prisma/fetch-engine": "@prisma/fetch-engine@5.8.0",
          "@prisma/get-platform": "@prisma/get-platform@5.8.0"
        }
      },
      "@prisma/fetch-engine@5.8.0": {
        "integrity": "sha512-1CAuE+JoYsPNggMEn6qk0zos06Uc9bYZBJ0VBPHD6R7REL05614koAbOCmn52IaYz3nobb7f25hqW6AY7rLkIw==",
        "dependencies": {
          "@prisma/debug": "@prisma/debug@5.8.0",
          "@prisma/engines-version": "@prisma/engines-version@5.8.0-37.0a83d8541752d7582de2ebc1ece46519ce72a848",
          "@prisma/get-platform": "@prisma/get-platform@5.8.0"
        }
      },
      "@prisma/get-platform@5.8.0": {
        "integrity": "sha512-Nk3rhTFZ1LYkFZJnpSvQcLPCaBWgJQfteHII6UEENOOkYlmP0k3FuswND54tzzEr4qs39wOdV9pbXKX9U2lv7A==",
        "dependencies": {
          "@prisma/debug": "@prisma/debug@5.8.0"
        }
      },
      "prisma@5.8.0": {
        "integrity": "sha512-hDKoEqPt2qEUTH5yGO3l27CBnPtwvte0CGMKrpCr9+/A919JghfqJ3qgCGgMbOwdkXUOzdho0RH9tyUF3UhpMw==",
        "dependencies": {
          "@prisma/engines": "@prisma/engines@5.8.0"
        }
      }
    }
  },
  "remote": {}
}
